// !$*UTF8*$!
{
	archiveVersion = 1;
	classes = {
	};
	objectVersion = 77;
	objects = {

/* Begin PBXBuildFile section */
		0C4409A52D53AEF30007BCBC /* lakeside_4k.hdr in Resources */ = {isa = PBXBuildFile; fileRef = 0C4409A42D53AEF30007BCBC /* lakeside_4k.hdr */; };
		0C4409A72D53AEFB0007BCBC /* neurathen_rock_castle_4k.hdr in Resources */ = {isa = PBXBuildFile; fileRef = 0C4409A62D53AEFB0007BCBC /* neurathen_rock_castle_4k.hdr */; };
		0C4409A92D53AF010007BCBC /* noon_grass_4k.hdr in Resources */ = {isa = PBXBuildFile; fileRef = 0C4409A82D53AF010007BCBC /* noon_grass_4k.hdr */; };
		0C4409AB2D53AF0B0007BCBC /* spaichingen_hill_4k.hdr in Resources */ = {isa = PBXBuildFile; fileRef = 0C4409AA2D53AF0B0007BCBC /* spaichingen_hill_4k.hdr */; };
		0C4409AD2D53AF120007BCBC /* rosendal_plains_1_4k.hdr in Resources */ = {isa = PBXBuildFile; fileRef = 0C4409AC2D53AF120007BCBC /* rosendal_plains_1_4k.hdr */; };
		0C4409AF2D53AF180007BCBC /* table_mountain_2_puresky_4k.hdr in Resources */ = {isa = PBXBuildFile; fileRef = 0C4409AE2D53AF180007BCBC /* table_mountain_2_puresky_4k.hdr */; };
		0C4409B12D53AF1E0007BCBC /* snowy_forest_path_02_4k.hdr in Resources */ = {isa = PBXBuildFile; fileRef = 0C4409B02D53AF1E0007BCBC /* snowy_forest_path_02_4k.hdr */; };
		0C4409B32D53AF250007BCBC /* spiaggia_di_mondello_4k.hdr in Resources */ = {isa = PBXBuildFile; fileRef = 0C4409B22D53AF250007BCBC /* spiaggia_di_mondello_4k.hdr */; };
		0C4409B52D53AF340007BCBC /* cobblestone_street_night_4k 2.hdr in Resources */ = {isa = PBXBuildFile; fileRef = 0C4409B42D53AF340007BCBC /* cobblestone_street_night_4k 2.hdr */; };
		0C4409B72D53AF430007BCBC /* kloofendal_48d_partly_cloudy_puresky_4k.hdr in Resources */ = {isa = PBXBuildFile; fileRef = 0C4409B62D53AF430007BCBC /* kloofendal_48d_partly_cloudy_puresky_4k.hdr */; };
		0C4409B92D53AF490007BCBC /* symmetrical_garden_02_4k 2.hdr in Resources */ = {isa = PBXBuildFile; fileRef = 0C4409B82D53AF490007BCBC /* symmetrical_garden_02_4k 2.hdr */; };
		0C4409BB2D53AF4E0007BCBC /* alps_field_4k 2.hdr in Resources */ = {isa = PBXBuildFile; fileRef = 0C4409BA2D53AF4E0007BCBC /* alps_field_4k 2.hdr */; };
		0C4409BD2D53AF530007BCBC /* autumn_field_puresky_4k 2.hdr in Resources */ = {isa = PBXBuildFile; fileRef = 0C4409BC2D53AF530007BCBC /* autumn_field_puresky_4k 2.hdr */; };
		0C4409BF2D53AF5A0007BCBC /* qwantani_dusk_2_4k 2.hdr in Resources */ = {isa = PBXBuildFile; fileRef = 0C4409BE2D53AF5A0007BCBC /* qwantani_dusk_2_4k 2.hdr */; };
		0C4409C12D53AF600007BCBC /* rogland_clear_night_4k 2.hdr in Resources */ = {isa = PBXBuildFile; fileRef = 0C4409C02D53AF600007BCBC /* rogland_clear_night_4k 2.hdr */; };
		0C4409C32D53AF690007BCBC /* pretoria_gardens_4k 2.hdr in Resources */ = {isa = PBXBuildFile; fileRef = 0C4409C22D53AF690007BCBC /* pretoria_gardens_4k 2.hdr */; };
		0C4409C52D53AF720007BCBC /* qwantani_moonrise_4k 2.hdr in Resources */ = {isa = PBXBuildFile; fileRef = 0C4409C42D53AF720007BCBC /* qwantani_moonrise_4k 2.hdr */; };
		0C6134642D52848300A00E6F /* forest_cave_4k.hdr in Resources */ = {isa = PBXBuildFile; fileRef = 0C6134632D52848300A00E6F /* forest_cave_4k.hdr */; };
		0C6134682D529ACD00A00E6F /* autumn_forest_01_4k.hdr in Resources */ = {isa = PBXBuildFile; fileRef = 0C6134672D529ACD00A00E6F /* autumn_forest_01_4k.hdr */; };
/* End PBXBuildFile section */

/* Begin PBXContainerItemProxy section */
		0C1471E92D4BD03A0046510D /* PBXContainerItemProxy */ = {
			isa = PBXContainerItemProxy;
			containerPortal = 0C1471CF2D4BD0390046510D /* Project object */;
			proxyType = 1;
			remoteGlobalIDString = 0C1471D62D4BD0390046510D;
			remoteInfo = "Geodesic Dome Designer";
		};
		0C1471F32D4BD03A0046510D /* PBXContainerItemProxy */ = {
			isa = PBXContainerItemProxy;
			containerPortal = 0C1471CF2D4BD0390046510D /* Project object */;
			proxyType = 1;
			remoteGlobalIDString = 0C1471D62D4BD0390046510D;
			remoteInfo = "Geodesic Dome Designer";
		};
/* End PBXContainerItemProxy section */

/* Begin PBXFileReference section */
		0C1471D72D4BD0390046510D /* Geodesic Dome Designer.app */ = {isa = PBXFileReference; explicitFileType = wrapper.application; includeInIndex = 0; path = "Geodesic Dome Designer.app"; sourceTree = BUILT_PRODUCTS_DIR; };
		0C1471E82D4BD03A0046510D /* Geodesic Dome DesignerTests.xctest */ = {isa = PBXFileReference; explicitFileType = wrapper.cfbundle; includeInIndex = 0; path = "Geodesic Dome DesignerTests.xctest"; sourceTree = BUILT_PRODUCTS_DIR; };
		0C1471F22D4BD03A0046510D /* Geodesic Dome DesignerUITests.xctest */ = {isa = PBXFileReference; explicitFileType = wrapper.cfbundle; includeInIndex = 0; path = "Geodesic Dome DesignerUITests.xctest"; sourceTree = BUILT_PRODUCTS_DIR; };
		0C4409A42D53AEF30007BCBC /* lakeside_4k.hdr */ = {isa = PBXFileReference; lastKnownFileType = file; path = lakeside_4k.hdr; sourceTree = "<group>"; };
		0C4409A62D53AEFB0007BCBC /* neurathen_rock_castle_4k.hdr */ = {isa = PBXFileReference; lastKnownFileType = file; path = neurathen_rock_castle_4k.hdr; sourceTree = "<group>"; };
		0C4409A82D53AF010007BCBC /* noon_grass_4k.hdr */ = {isa = PBXFileReference; lastKnownFileType = file; path = noon_grass_4k.hdr; sourceTree = "<group>"; };
		0C4409AA2D53AF0B0007BCBC /* spaichingen_hill_4k.hdr */ = {isa = PBXFileReference; lastKnownFileType = file; path = spaichingen_hill_4k.hdr; sourceTree = "<group>"; };
		0C4409AC2D53AF120007BCBC /* rosendal_plains_1_4k.hdr */ = {isa = PBXFileReference; lastKnownFileType = file; path = rosendal_plains_1_4k.hdr; sourceTree = "<group>"; };
		0C4409AE2D53AF180007BCBC /* table_mountain_2_puresky_4k.hdr */ = {isa = PBXFileReference; lastKnownFileType = file; path = table_mountain_2_puresky_4k.hdr; sourceTree = "<group>"; };
		0C4409B02D53AF1E0007BCBC /* snowy_forest_path_02_4k.hdr */ = {isa = PBXFileReference; lastKnownFileType = file; path = snowy_forest_path_02_4k.hdr; sourceTree = "<group>"; };
		0C4409B22D53AF250007BCBC /* spiaggia_di_mondello_4k.hdr */ = {isa = PBXFileReference; lastKnownFileType = file; path = spiaggia_di_mondello_4k.hdr; sourceTree = "<group>"; };
		0C4409B42D53AF340007BCBC /* cobblestone_street_night_4k 2.hdr */ = {isa = PBXFileReference; lastKnownFileType = file; path = "cobblestone_street_night_4k 2.hdr"; sourceTree = "<group>"; };
		0C4409B62D53AF430007BCBC /* kloofendal_48d_partly_cloudy_puresky_4k.hdr */ = {isa = PBXFileReference; lastKnownFileType = file; path = kloofendal_48d_partly_cloudy_puresky_4k.hdr; sourceTree = "<group>"; };
		0C4409B82D53AF490007BCBC /* symmetrical_garden_02_4k 2.hdr */ = {isa = PBXFileReference; lastKnownFileType = file; path = "symmetrical_garden_02_4k 2.hdr"; sourceTree = "<group>"; };
		0C4409BA2D53AF4E0007BCBC /* alps_field_4k 2.hdr */ = {isa = PBXFileReference; lastKnownFileType = file; path = "alps_field_4k 2.hdr"; sourceTree = "<group>"; };
		0C4409BC2D53AF530007BCBC /* autumn_field_puresky_4k 2.hdr */ = {isa = PBXFileReference; lastKnownFileType = file; path = "autumn_field_puresky_4k 2.hdr"; sourceTree = "<group>"; };
		0C4409BE2D53AF5A0007BCBC /* qwantani_dusk_2_4k 2.hdr */ = {isa = PBXFileReference; lastKnownFileType = file; path = "qwantani_dusk_2_4k 2.hdr"; sourceTree = "<group>"; };
		0C4409C02D53AF600007BCBC /* rogland_clear_night_4k 2.hdr */ = {isa = PBXFileReference; lastKnownFileType = file; path = "rogland_clear_night_4k 2.hdr"; sourceTree = "<group>"; };
		0C4409C22D53AF690007BCBC /* pretoria_gardens_4k 2.hdr */ = {isa = PBXFileReference; lastKnownFileType = file; path = "pretoria_gardens_4k 2.hdr"; sourceTree = "<group>"; };
		0C4409C42D53AF720007BCBC /* qwantani_moonrise_4k 2.hdr */ = {isa = PBXFileReference; lastKnownFileType = file; path = "qwantani_moonrise_4k 2.hdr"; sourceTree = "<group>"; };
		0C6134632D52848300A00E6F /* forest_cave_4k.hdr */ = {isa = PBXFileReference; lastKnownFileType = file; path = forest_cave_4k.hdr; sourceTree = "<group>"; };
		0C6134672D529ACD00A00E6F /* autumn_forest_01_4k.hdr */ = {isa = PBXFileReference; lastKnownFileType = file; path = autumn_forest_01_4k.hdr; sourceTree = "<group>"; };
/* End PBXFileReference section */

/* Begin PBXFileSystemSynchronizedRootGroup section */
		0C1471D92D4BD0390046510D /* Geodesic Dome Designer */ = {
			isa = PBXFileSystemSynchronizedRootGroup;
			path = "Geodesic Dome Designer";
			sourceTree = "<group>";
		};
		0C1471EB2D4BD03A0046510D /* Geodesic Dome DesignerTests */ = {
			isa = PBXFileSystemSynchronizedRootGroup;
			path = "Geodesic Dome DesignerTests";
			sourceTree = "<group>";
		};
		0C1471F52D4BD03A0046510D /* Geodesic Dome DesignerUITests */ = {
			isa = PBXFileSystemSynchronizedRootGroup;
			path = "Geodesic Dome DesignerUITests";
			sourceTree = "<group>";
		};
/* End PBXFileSystemSynchronizedRootGroup section */

/* Begin PBXFrameworksBuildPhase section */
		0C1471D42D4BD0390046510D /* Frameworks */ = {
			isa = PBXFrameworksBuildPhase;
			buildActionMask = 2147483647;
			files = (
			);
			runOnlyForDeploymentPostprocessing = 0;
		};
		0C1471E52D4BD03A0046510D /* Frameworks */ = {
			isa = PBXFrameworksBuildPhase;
			buildActionMask = 2147483647;
			files = (
			);
			runOnlyForDeploymentPostprocessing = 0;
		};
		0C1471EF2D4BD03A0046510D /* Frameworks */ = {
			isa = PBXFrameworksBuildPhase;
			buildActionMask = 2147483647;
			files = (
			);
			runOnlyForDeploymentPostprocessing = 0;
		};
/* End PBXFrameworksBuildPhase section */

/* Begin PBXGroup section */
		0C1471CE2D4BD0390046510D = {
			isa = PBXGroup;
			children = (
				0C6134622D52842900A00E6F /* Environments */,
				0C1471D92D4BD0390046510D /* Geodesic Dome Designer */,
				0C1471EB2D4BD03A0046510D /* Geodesic Dome DesignerTests */,
				0C1471F52D4BD03A0046510D /* Geodesic Dome DesignerUITests */,
				0C1471D82D4BD0390046510D /* Products */,
			);
			sourceTree = "<group>";
		};
		0C1471D82D4BD0390046510D /* Products */ = {
			isa = PBXGroup;
			children = (
				0C1471D72D4BD0390046510D /* Geodesic Dome Designer.app */,
				0C1471E82D4BD03A0046510D /* Geodesic Dome DesignerTests.xctest */,
				0C1471F22D4BD03A0046510D /* Geodesic Dome DesignerUITests.xctest */,
			);
			name = Products;
			sourceTree = "<group>";
		};
		0C6134622D52842900A00E6F /* Environments */ = {
			isa = PBXGroup;
			children = (
				0C6134632D52848300A00E6F /* forest_cave_4k.hdr */,
				0C6134672D529ACD00A00E6F /* autumn_forest_01_4k.hdr */,
				0C4409A42D53AEF30007BCBC /* lakeside_4k.hdr */,
				0C4409A62D53AEFB0007BCBC /* neurathen_rock_castle_4k.hdr */,
				0C4409A82D53AF010007BCBC /* noon_grass_4k.hdr */,
				0C4409AA2D53AF0B0007BCBC /* spaichingen_hill_4k.hdr */,
				0C4409AC2D53AF120007BCBC /* rosendal_plains_1_4k.hdr */,
				0C4409AE2D53AF180007BCBC /* table_mountain_2_puresky_4k.hdr */,
				0C4409B02D53AF1E0007BCBC /* snowy_forest_path_02_4k.hdr */,
				0C4409B22D53AF250007BCBC /* spiaggia_di_mondello_4k.hdr */,
				0C4409B42D53AF340007BCBC /* cobblestone_street_night_4k 2.hdr */,
				0C4409B62D53AF430007BCBC /* kloofendal_48d_partly_cloudy_puresky_4k.hdr */,
				0C4409B82D53AF490007BCBC /* symmetrical_garden_02_4k 2.hdr */,
				0C4409BA2D53AF4E0007BCBC /* alps_field_4k 2.hdr */,
				0C4409BC2D53AF530007BCBC /* autumn_field_puresky_4k 2.hdr */,
				0C4409BE2D53AF5A0007BCBC /* qwantani_dusk_2_4k 2.hdr */,
				0C4409C02D53AF600007BCBC /* rogland_clear_night_4k 2.hdr */,
				0C4409C22D53AF690007BCBC /* pretoria_gardens_4k 2.hdr */,
				0C4409C42D53AF720007BCBC /* qwantani_moonrise_4k 2.hdr */,
			);
			path = Environments;
			sourceTree = "<group>";
		};
/* End PBXGroup section */

/* Begin PBXNativeTarget section */
		0C1471D62D4BD0390046510D /* Geodesic Dome Designer */ = {
			isa = PBXNativeTarget;
			buildConfigurationList = 0C1471FC2D4BD03A0046510D /* Build configuration list for PBXNativeTarget "Geodesic Dome Designer" */;
			buildPhases = (
				0C1471D32D4BD0390046510D /* Sources */,
				0C1471D42D4BD0390046510D /* Frameworks */,
				0C1471D52D4BD0390046510D /* Resources */,
			);
			buildRules = (
			);
			dependencies = (
			);
			fileSystemSynchronizedGroups = (
				0C1471D92D4BD0390046510D /* Geodesic Dome Designer */,
			);
			name = "Geodesic Dome Designer";
			packageProductDependencies = (
			);
			productName = "Geodesic Dome Designer";
			productReference = 0C1471D72D4BD0390046510D /* Geodesic Dome Designer.app */;
			productType = "com.apple.product-type.application";
		};
		0C1471E72D4BD03A0046510D /* Geodesic Dome DesignerTests */ = {
			isa = PBXNativeTarget;
			buildConfigurationList = 0C1471FF2D4BD03A0046510D /* Build configuration list for PBXNativeTarget "Geodesic Dome DesignerTests" */;
			buildPhases = (
				0C1471E42D4BD03A0046510D /* Sources */,
				0C1471E52D4BD03A0046510D /* Frameworks */,
				0C1471E62D4BD03A0046510D /* Resources */,
			);
			buildRules = (
			);
			dependencies = (
				0C1471EA2D4BD03A0046510D /* PBXTargetDependency */,
			);
			fileSystemSynchronizedGroups = (
				0C1471EB2D4BD03A0046510D /* Geodesic Dome DesignerTests */,
			);
			name = "Geodesic Dome DesignerTests";
			packageProductDependencies = (
			);
			productName = "Geodesic Dome DesignerTests";
			productReference = 0C1471E82D4BD03A0046510D /* Geodesic Dome DesignerTests.xctest */;
			productType = "com.apple.product-type.bundle.unit-test";
		};
		0C1471F12D4BD03A0046510D /* Geodesic Dome DesignerUITests */ = {
			isa = PBXNativeTarget;
			buildConfigurationList = 0C1472022D4BD03A0046510D /* Build configuration list for PBXNativeTarget "Geodesic Dome DesignerUITests" */;
			buildPhases = (
				0C1471EE2D4BD03A0046510D /* Sources */,
				0C1471EF2D4BD03A0046510D /* Frameworks */,
				0C1471F02D4BD03A0046510D /* Resources */,
			);
			buildRules = (
			);
			dependencies = (
				0C1471F42D4BD03A0046510D /* PBXTargetDependency */,
			);
			fileSystemSynchronizedGroups = (
				0C1471F52D4BD03A0046510D /* Geodesic Dome DesignerUITests */,
			);
			name = "Geodesic Dome DesignerUITests";
			packageProductDependencies = (
			);
			productName = "Geodesic Dome DesignerUITests";
			productReference = 0C1471F22D4BD03A0046510D /* Geodesic Dome DesignerUITests.xctest */;
			productType = "com.apple.product-type.bundle.ui-testing";
		};
/* End PBXNativeTarget section */

/* Begin PBXProject section */
		0C1471CF2D4BD0390046510D /* Project object */ = {
			isa = PBXProject;
			attributes = {
				BuildIndependentTargetsInParallel = 1;
				LastSwiftUpdateCheck = 1620;
				LastUpgradeCheck = 1620;
				TargetAttributes = {
					0C1471D62D4BD0390046510D = {
						CreatedOnToolsVersion = 16.2;
					};
					0C1471E72D4BD03A0046510D = {
						CreatedOnToolsVersion = 16.2;
						TestTargetID = 0C1471D62D4BD0390046510D;
					};
					0C1471F12D4BD03A0046510D = {
						CreatedOnToolsVersion = 16.2;
						TestTargetID = 0C1471D62D4BD0390046510D;
					};
				};
			};
			buildConfigurationList = 0C1471D22D4BD0390046510D /* Build configuration list for PBXProject "Geodesic Dome Designer" */;
			developmentRegion = en;
			hasScannedForEncodings = 0;
			knownRegions = (
				en,
				Base,
			);
			mainGroup = 0C1471CE2D4BD0390046510D;
			minimizedProjectReferenceProxies = 1;
			preferredProjectObjectVersion = 77;
			productRefGroup = 0C1471D82D4BD0390046510D /* Products */;
			projectDirPath = "";
			projectRoot = "";
			targets = (
				0C1471D62D4BD0390046510D /* Geodesic Dome Designer */,
				0C1471E72D4BD03A0046510D /* Geodesic Dome DesignerTests */,
				0C1471F12D4BD03A0046510D /* Geodesic Dome DesignerUITests */,
			);
		};
/* End PBXProject section */

/* Begin PBXResourcesBuildPhase section */
		0C1471D52D4BD0390046510D /* Resources */ = {
			isa = PBXResourcesBuildPhase;
			buildActionMask = 2147483647;
			files = (
				0C6134682D529ACD00A00E6F /* autumn_forest_01_4k.hdr in Resources */,
				0C6134642D52848300A00E6F /* forest_cave_4k.hdr in Resources */,
				0C4409BB2D53AF4E0007BCBC /* alps_field_4k 2.hdr in Resources */,
				0C4409AB2D53AF0B0007BCBC /* spaichingen_hill_4k.hdr in Resources */,
				0C4409AF2D53AF180007BCBC /* table_mountain_2_puresky_4k.hdr in Resources */,
				0C4409A72D53AEFB0007BCBC /* neurathen_rock_castle_4k.hdr in Resources */,
				0C4409A92D53AF010007BCBC /* noon_grass_4k.hdr in Resources */,
				0C4409B72D53AF430007BCBC /* kloofendal_48d_partly_cloudy_puresky_4k.hdr in Resources */,
				0C4409BD2D53AF530007BCBC /* autumn_field_puresky_4k 2.hdr in Resources */,
				0C4409C32D53AF690007BCBC /* pretoria_gardens_4k 2.hdr in Resources */,
				0C4409BF2D53AF5A0007BCBC /* qwantani_dusk_2_4k 2.hdr in Resources */,
				0C4409C52D53AF720007BCBC /* qwantani_moonrise_4k 2.hdr in Resources */,
				0C4409C12D53AF600007BCBC /* rogland_clear_night_4k 2.hdr in Resources */,
				0C4409B32D53AF250007BCBC /* spiaggia_di_mondello_4k.hdr in Resources */,
				0C4409A52D53AEF30007BCBC /* lakeside_4k.hdr in Resources */,
				0C4409B12D53AF1E0007BCBC /* snowy_forest_path_02_4k.hdr in Resources */,
				0C4409B52D53AF340007BCBC /* cobblestone_street_night_4k 2.hdr in Resources */,
				0C4409AD2D53AF120007BCBC /* rosendal_plains_1_4k.hdr in Resources */,
				0C4409B92D53AF490007BCBC /* symmetrical_garden_02_4k 2.hdr in Resources */,
			);
			runOnlyForDeploymentPostprocessing = 0;
		};
		0C1471E62D4BD03A0046510D /* Resources */ = {
			isa = PBXResourcesBuildPhase;
			buildActionMask = 2147483647;
			files = (
			);
			runOnlyForDeploymentPostprocessing = 0;
		};
		0C1471F02D4BD03A0046510D /* Resources */ = {
			isa = PBXResourcesBuildPhase;
			buildActionMask = 2147483647;
			files = (
			);
			runOnlyForDeploymentPostprocessing = 0;
		};
/* End PBXResourcesBuildPhase section */

/* Begin PBXSourcesBuildPhase section */
		0C1471D32D4BD0390046510D /* Sources */ = {
			isa = PBXSourcesBuildPhase;
			buildActionMask = 2147483647;
			files = (
			);
			runOnlyForDeploymentPostprocessing = 0;
		};
		0C1471E42D4BD03A0046510D /* Sources */ = {
			isa = PBXSourcesBuildPhase;
			buildActionMask = 2147483647;
			files = (
			);
			runOnlyForDeploymentPostprocessing = 0;
		};
		0C1471EE2D4BD03A0046510D /* Sources */ = {
			isa = PBXSourcesBuildPhase;
			buildActionMask = 2147483647;
			files = (
			);
			runOnlyForDeploymentPostprocessing = 0;
		};
/* End PBXSourcesBuildPhase section */

/* Begin PBXTargetDependency section */
		0C1471EA2D4BD03A0046510D /* PBXTargetDependency */ = {
			isa = PBXTargetDependency;
			target = 0C1471D62D4BD0390046510D /* Geodesic Dome Designer */;
			targetProxy = 0C1471E92D4BD03A0046510D /* PBXContainerItemProxy */;
		};
		0C1471F42D4BD03A0046510D /* PBXTargetDependency */ = {
			isa = PBXTargetDependency;
			target = 0C1471D62D4BD0390046510D /* Geodesic Dome Designer */;
			targetProxy = 0C1471F32D4BD03A0046510D /* PBXContainerItemProxy */;
		};
/* End PBXTargetDependency section */

/* Begin XCBuildConfiguration section */
		0C1471FA2D4BD03A0046510D /* Debug */ = {
			isa = XCBuildConfiguration;
			buildSettings = {
				ALWAYS_SEARCH_USER_PATHS = NO;
				ASSETCATALOG_COMPILER_GENERATE_SWIFT_ASSET_SYMBOL_EXTENSIONS = YES;
				CLANG_ANALYZER_NONNULL = YES;
				CLANG_ANALYZER_NUMBER_OBJECT_CONVERSION = YES_AGGRESSIVE;
				CLANG_CXX_LANGUAGE_STANDARD = "gnu++20";
				CLANG_ENABLE_MODULES = YES;
				CLANG_ENABLE_OBJC_ARC = YES;
				CLANG_ENABLE_OBJC_WEAK = YES;
				CLANG_WARN_BLOCK_CAPTURE_AUTORELEASING = YES;
				CLANG_WARN_BOOL_CONVERSION = YES;
				CLANG_WARN_COMMA = YES;
				CLANG_WARN_CONSTANT_CONVERSION = YES;
				CLANG_WARN_DEPRECATED_OBJC_IMPLEMENTATIONS = YES;
				CLANG_WARN_DIRECT_OBJC_ISA_USAGE = YES_ERROR;
				CLANG_WARN_DOCUMENTATION_COMMENTS = YES;
				CLANG_WARN_EMPTY_BODY = YES;
				CLANG_WARN_ENUM_CONVERSION = YES;
				CLANG_WARN_INFINITE_RECURSION = YES;
				CLANG_WARN_INT_CONVERSION = YES;
				CLANG_WARN_NON_LITERAL_NULL_CONVERSION = YES;
				CLANG_WARN_OBJC_IMPLICIT_RETAIN_SELF = YES;
				CLANG_WARN_OBJC_LITERAL_CONVERSION = YES;
				CLANG_WARN_OBJC_ROOT_CLASS = YES_ERROR;
				CLANG_WARN_QUOTED_INCLUDE_IN_FRAMEWORK_HEADER = YES;
				CLANG_WARN_RANGE_LOOP_ANALYSIS = YES;
				CLANG_WARN_STRICT_PROTOTYPES = YES;
				CLANG_WARN_SUSPICIOUS_MOVE = YES;
				CLANG_WARN_UNGUARDED_AVAILABILITY = YES_AGGRESSIVE;
				CLANG_WARN_UNREACHABLE_CODE = YES;
				CLANG_WARN__DUPLICATE_METHOD_MATCH = YES;
				COPY_PHASE_STRIP = NO;
				DEBUG_INFORMATION_FORMAT = dwarf;
				ENABLE_STRICT_OBJC_MSGSEND = YES;
				ENABLE_TESTABILITY = YES;
				ENABLE_USER_SCRIPT_SANDBOXING = YES;
				GCC_C_LANGUAGE_STANDARD = gnu17;
				GCC_DYNAMIC_NO_PIC = NO;
				GCC_NO_COMMON_BLOCKS = YES;
				GCC_OPTIMIZATION_LEVEL = 0;
				GCC_PREPROCESSOR_DEFINITIONS = (
					"DEBUG=1",
					"$(inherited)",
				);
				GCC_WARN_64_TO_32_BIT_CONVERSION = YES;
				GCC_WARN_ABOUT_RETURN_TYPE = YES_ERROR;
				GCC_WARN_UNDECLARED_SELECTOR = YES;
				GCC_WARN_UNINITIALIZED_AUTOS = YES_AGGRESSIVE;
				GCC_WARN_UNUSED_FUNCTION = YES;
				GCC_WARN_UNUSED_VARIABLE = YES;
				LOCALIZATION_PREFERS_STRING_CATALOGS = YES;
				MTL_ENABLE_DEBUG_INFO = INCLUDE_SOURCE;
				MTL_FAST_MATH = YES;
				ONLY_ACTIVE_ARCH = YES;
				SWIFT_ACTIVE_COMPILATION_CONDITIONS = "DEBUG $(inherited)";
				SWIFT_OPTIMIZATION_LEVEL = "-Onone";
			};
			name = Debug;
		};
		0C1471FB2D4BD03A0046510D /* Release */ = {
			isa = XCBuildConfiguration;
			buildSettings = {
				ALWAYS_SEARCH_USER_PATHS = NO;
				ASSETCATALOG_COMPILER_GENERATE_SWIFT_ASSET_SYMBOL_EXTENSIONS = YES;
				CLANG_ANALYZER_NONNULL = YES;
				CLANG_ANALYZER_NUMBER_OBJECT_CONVERSION = YES_AGGRESSIVE;
				CLANG_CXX_LANGUAGE_STANDARD = "gnu++20";
				CLANG_ENABLE_MODULES = YES;
				CLANG_ENABLE_OBJC_ARC = YES;
				CLANG_ENABLE_OBJC_WEAK = YES;
				CLANG_WARN_BLOCK_CAPTURE_AUTORELEASING = YES;
				CLANG_WARN_BOOL_CONVERSION = YES;
				CLANG_WARN_COMMA = YES;
				CLANG_WARN_CONSTANT_CONVERSION = YES;
				CLANG_WARN_DEPRECATED_OBJC_IMPLEMENTATIONS = YES;
				CLANG_WARN_DIRECT_OBJC_ISA_USAGE = YES_ERROR;
				CLANG_WARN_DOCUMENTATION_COMMENTS = YES;
				CLANG_WARN_EMPTY_BODY = YES;
				CLANG_WARN_ENUM_CONVERSION = YES;
				CLANG_WARN_INFINITE_RECURSION = YES;
				CLANG_WARN_INT_CONVERSION = YES;
				CLANG_WARN_NON_LITERAL_NULL_CONVERSION = YES;
				CLANG_WARN_OBJC_IMPLICIT_RETAIN_SELF = YES;
				CLANG_WARN_OBJC_LITERAL_CONVERSION = YES;
				CLANG_WARN_OBJC_ROOT_CLASS = YES_ERROR;
				CLANG_WARN_QUOTED_INCLUDE_IN_FRAMEWORK_HEADER = YES;
				CLANG_WARN_RANGE_LOOP_ANALYSIS = YES;
				CLANG_WARN_STRICT_PROTOTYPES = YES;
				CLANG_WARN_SUSPICIOUS_MOVE = YES;
				CLANG_WARN_UNGUARDED_AVAILABILITY = YES_AGGRESSIVE;
				CLANG_WARN_UNREACHABLE_CODE = YES;
				CLANG_WARN__DUPLICATE_METHOD_MATCH = YES;
				COPY_PHASE_STRIP = NO;
				DEBUG_INFORMATION_FORMAT = "dwarf-with-dsym";
				ENABLE_NS_ASSERTIONS = NO;
				ENABLE_STRICT_OBJC_MSGSEND = YES;
				ENABLE_USER_SCRIPT_SANDBOXING = YES;
				GCC_C_LANGUAGE_STANDARD = gnu17;
				GCC_NO_COMMON_BLOCKS = YES;
				GCC_WARN_64_TO_32_BIT_CONVERSION = YES;
				GCC_WARN_ABOUT_RETURN_TYPE = YES_ERROR;
				GCC_WARN_UNDECLARED_SELECTOR = YES;
				GCC_WARN_UNINITIALIZED_AUTOS = YES_AGGRESSIVE;
				GCC_WARN_UNUSED_FUNCTION = YES;
				GCC_WARN_UNUSED_VARIABLE = YES;
				LOCALIZATION_PREFERS_STRING_CATALOGS = YES;
				MTL_ENABLE_DEBUG_INFO = NO;
				MTL_FAST_MATH = YES;
				SWIFT_COMPILATION_MODE = wholemodule;
			};
			name = Release;
		};
		0C1471FD2D4BD03A0046510D /* Debug */ = {
			isa = XCBuildConfiguration;
			buildSettings = {
				ASSETCATALOG_COMPILER_APPICON_NAME = AppIcon;
				ASSETCATALOG_COMPILER_GLOBAL_ACCENT_COLOR_NAME = AccentColor;
				ASSETCATALOG_COMPILER_INCLUDE_ALL_APPICON_ASSETS = YES;
				CODE_SIGN_ENTITLEMENTS = "Geodesic Dome Designer/Geodesic_Dome_Designer.entitlements";
				CODE_SIGN_STYLE = Automatic;
				CURRENT_PROJECT_VERSION = 1;
				DEVELOPMENT_ASSET_PATHS = "\"Geodesic Dome Designer/Preview Content\"";
				DEVELOPMENT_TEAM = C72VAF2EM2;
				ENABLE_HARDENED_RUNTIME = YES;
				ENABLE_PREVIEWS = YES;
				GENERATE_INFOPLIST_FILE = YES;
				INFOPLIST_KEY_LSApplicationCategoryType = "public.app-category.education";
				"INFOPLIST_KEY_UIApplicationSceneManifest_Generation[sdk=iphoneos*]" = YES;
				"INFOPLIST_KEY_UIApplicationSceneManifest_Generation[sdk=iphonesimulator*]" = YES;
				"INFOPLIST_KEY_UIApplicationSupportsIndirectInputEvents[sdk=iphoneos*]" = YES;
				"INFOPLIST_KEY_UIApplicationSupportsIndirectInputEvents[sdk=iphonesimulator*]" = YES;
				"INFOPLIST_KEY_UILaunchScreen_Generation[sdk=iphoneos*]" = YES;
				"INFOPLIST_KEY_UILaunchScreen_Generation[sdk=iphonesimulator*]" = YES;
				"INFOPLIST_KEY_UIStatusBarStyle[sdk=iphoneos*]" = UIStatusBarStyleDefault;
				"INFOPLIST_KEY_UIStatusBarStyle[sdk=iphonesimulator*]" = UIStatusBarStyleDefault;
				INFOPLIST_KEY_UISupportedInterfaceOrientations_iPad = "UIInterfaceOrientationPortrait UIInterfaceOrientationPortraitUpsideDown UIInterfaceOrientationLandscapeLeft UIInterfaceOrientationLandscapeRight";
				INFOPLIST_KEY_UISupportedInterfaceOrientations_iPhone = "UIInterfaceOrientationPortrait UIInterfaceOrientationLandscapeLeft UIInterfaceOrientationLandscapeRight";
				IPHONEOS_DEPLOYMENT_TARGET = 18.2;
				LD_RUNPATH_SEARCH_PATHS = "@executable_path/Frameworks";
				"LD_RUNPATH_SEARCH_PATHS[sdk=macosx*]" = "@executable_path/../Frameworks";
				MACOSX_DEPLOYMENT_TARGET = 15.2;
				MARKETING_VERSION = 1.0;
				PRODUCT_BUNDLE_IDENTIFIER = "TellUrStori.Geodesic-Dome-Designer";
				PRODUCT_NAME = "$(TARGET_NAME)";
				SDKROOT = auto;
				SUPPORTED_PLATFORMS = "iphoneos iphonesimulator macosx xros xrsimulator";
				SWIFT_EMIT_LOC_STRINGS = YES;
				SWIFT_VERSION = 5.0;
				TARGETED_DEVICE_FAMILY = "1,2,7";
				XROS_DEPLOYMENT_TARGET = 2.2;
			};
			name = Debug;
		};
		0C1471FE2D4BD03A0046510D /* Release */ = {
			isa = XCBuildConfiguration;
			buildSettings = {
				ASSETCATALOG_COMPILER_APPICON_NAME = AppIcon;
				ASSETCATALOG_COMPILER_GLOBAL_ACCENT_COLOR_NAME = AccentColor;
				ASSETCATALOG_COMPILER_INCLUDE_ALL_APPICON_ASSETS = YES;
				CODE_SIGN_ENTITLEMENTS = "Geodesic Dome Designer/Geodesic_Dome_Designer.entitlements";
				CODE_SIGN_STYLE = Automatic;
				CURRENT_PROJECT_VERSION = 1;
				DEVELOPMENT_ASSET_PATHS = "\"Geodesic Dome Designer/Preview Content\"";
				DEVELOPMENT_TEAM = C72VAF2EM2;
				ENABLE_HARDENED_RUNTIME = YES;
				ENABLE_PREVIEWS = YES;
				GENERATE_INFOPLIST_FILE = YES;
				INFOPLIST_KEY_LSApplicationCategoryType = "public.app-category.education";
				"INFOPLIST_KEY_UIApplicationSceneManifest_Generation[sdk=iphoneos*]" = YES;
				"INFOPLIST_KEY_UIApplicationSceneManifest_Generation[sdk=iphonesimulator*]" = YES;
				"INFOPLIST_KEY_UIApplicationSupportsIndirectInputEvents[sdk=iphoneos*]" = YES;
				"INFOPLIST_KEY_UIApplicationSupportsIndirectInputEvents[sdk=iphonesimulator*]" = YES;
				"INFOPLIST_KEY_UILaunchScreen_Generation[sdk=iphoneos*]" = YES;
				"INFOPLIST_KEY_UILaunchScreen_Generation[sdk=iphonesimulator*]" = YES;
				"INFOPLIST_KEY_UIStatusBarStyle[sdk=iphoneos*]" = UIStatusBarStyleDefault;
				"INFOPLIST_KEY_UIStatusBarStyle[sdk=iphonesimulator*]" = UIStatusBarStyleDefault;
				INFOPLIST_KEY_UISupportedInterfaceOrientations_iPad = "UIInterfaceOrientationPortrait UIInterfaceOrientationPortraitUpsideDown UIInterfaceOrientationLandscapeLeft UIInterfaceOrientationLandscapeRight";
				INFOPLIST_KEY_UISupportedInterfaceOrientations_iPhone = "UIInterfaceOrientationPortrait UIInterfaceOrientationLandscapeLeft UIInterfaceOrientationLandscapeRight";
				IPHONEOS_DEPLOYMENT_TARGET = 18.2;
				LD_RUNPATH_SEARCH_PATHS = "@executable_path/Frameworks";
				"LD_RUNPATH_SEARCH_PATHS[sdk=macosx*]" = "@executable_path/../Frameworks";
				MACOSX_DEPLOYMENT_TARGET = 15.2;
				MARKETING_VERSION = 1.0;
				PRODUCT_BUNDLE_IDENTIFIER = "TellUrStori.Geodesic-Dome-Designer";
				PRODUCT_NAME = "$(TARGET_NAME)";
				SDKROOT = auto;
				SUPPORTED_PLATFORMS = "iphoneos iphonesimulator macosx xros xrsimulator";
				SWIFT_EMIT_LOC_STRINGS = YES;
				SWIFT_VERSION = 5.0;
				TARGETED_DEVICE_FAMILY = "1,2,7";
				XROS_DEPLOYMENT_TARGET = 2.2;
			};
			name = Release;
		};
		0C1472002D4BD03A0046510D /* Debug */ = {
			isa = XCBuildConfiguration;
			buildSettings = {
				BUNDLE_LOADER = "$(TEST_HOST)";
				CODE_SIGN_STYLE = Automatic;
				CURRENT_PROJECT_VERSION = 1;
				DEVELOPMENT_TEAM = C72VAF2EM2;
				GENERATE_INFOPLIST_FILE = YES;
				IPHONEOS_DEPLOYMENT_TARGET = 18.2;
				MACOSX_DEPLOYMENT_TARGET = 15.2;
				MARKETING_VERSION = 1.0;
				PRODUCT_BUNDLE_IDENTIFIER = "TellUrStori.Geodesic-Dome-DesignerTests";
				PRODUCT_NAME = "$(TARGET_NAME)";
				SDKROOT = auto;
				SUPPORTED_PLATFORMS = "iphoneos iphonesimulator macosx xros xrsimulator";
				SWIFT_EMIT_LOC_STRINGS = NO;
				SWIFT_VERSION = 5.0;
				TARGETED_DEVICE_FAMILY = "1,2,7";
				TEST_HOST = "$(BUILT_PRODUCTS_DIR)/Geodesic Dome Designer.app/$(BUNDLE_EXECUTABLE_FOLDER_PATH)/Geodesic Dome Designer";
				XROS_DEPLOYMENT_TARGET = 2.2;
			};
			name = Debug;
		};
		0C1472012D4BD03A0046510D /* Release */ = {
			isa = XCBuildConfiguration;
			buildSettings = {
				BUNDLE_LOADER = "$(TEST_HOST)";
				CODE_SIGN_STYLE = Automatic;
				CURRENT_PROJECT_VERSION = 1;
				DEVELOPMENT_TEAM = C72VAF2EM2;
				GENERATE_INFOPLIST_FILE = YES;
				IPHONEOS_DEPLOYMENT_TARGET = 18.2;
				MACOSX_DEPLOYMENT_TARGET = 15.2;
				MARKETING_VERSION = 1.0;
				PRODUCT_BUNDLE_IDENTIFIER = "TellUrStori.Geodesic-Dome-DesignerTests";
				PRODUCT_NAME = "$(TARGET_NAME)";
				SDKROOT = auto;
				SUPPORTED_PLATFORMS = "iphoneos iphonesimulator macosx xros xrsimulator";
				SWIFT_EMIT_LOC_STRINGS = NO;
				SWIFT_VERSION = 5.0;
				TARGETED_DEVICE_FAMILY = "1,2,7";
				TEST_HOST = "$(BUILT_PRODUCTS_DIR)/Geodesic Dome Designer.app/$(BUNDLE_EXECUTABLE_FOLDER_PATH)/Geodesic Dome Designer";
				XROS_DEPLOYMENT_TARGET = 2.2;
			};
			name = Release;
		};
		0C1472032D4BD03A0046510D /* Debug */ = {
			isa = XCBuildConfiguration;
			buildSettings = {
				CODE_SIGN_STYLE = Automatic;
				CURRENT_PROJECT_VERSION = 1;
				DEVELOPMENT_TEAM = C72VAF2EM2;
				GENERATE_INFOPLIST_FILE = YES;
				IPHONEOS_DEPLOYMENT_TARGET = 18.2;
				MACOSX_DEPLOYMENT_TARGET = 15.2;
				MARKETING_VERSION = 1.0;
				PRODUCT_BUNDLE_IDENTIFIER = "TellUrStori.Geodesic-Dome-DesignerUITests";
				PRODUCT_NAME = "$(TARGET_NAME)";
				SDKROOT = auto;
				SUPPORTED_PLATFORMS = "iphoneos iphonesimulator macosx xros xrsimulator";
				SWIFT_EMIT_LOC_STRINGS = NO;
				SWIFT_VERSION = 5.0;
				TARGETED_DEVICE_FAMILY = "1,2,7";
				TEST_TARGET_NAME = "Geodesic Dome Designer";
				XROS_DEPLOYMENT_TARGET = 2.2;
			};
			name = Debug;
		};
		0C1472042D4BD03A0046510D /* Release */ = {
			isa = XCBuildConfiguration;
			buildSettings = {
				CODE_SIGN_STYLE = Automatic;
				CURRENT_PROJECT_VERSION = 1;
				DEVELOPMENT_TEAM = C72VAF2EM2;
				GENERATE_INFOPLIST_FILE = YES;
				IPHONEOS_DEPLOYMENT_TARGET = 18.2;
				MACOSX_DEPLOYMENT_TARGET = 15.2;
				MARKETING_VERSION = 1.0;
				PRODUCT_BUNDLE_IDENTIFIER = "TellUrStori.Geodesic-Dome-DesignerUITests";
				PRODUCT_NAME = "$(TARGET_NAME)";
				SDKROOT = auto;
				SUPPORTED_PLATFORMS = "iphoneos iphonesimulator macosx xros xrsimulator";
				SWIFT_EMIT_LOC_STRINGS = NO;
				SWIFT_VERSION = 5.0;
				TARGETED_DEVICE_FAMILY = "1,2,7";
				TEST_TARGET_NAME = "Geodesic Dome Designer";
				XROS_DEPLOYMENT_TARGET = 2.2;
			};
			name = Release;
		};
/* End XCBuildConfiguration section */

/* Begin XCConfigurationList section */
		0C1471D22D4BD0390046510D /* Build configuration list for PBXProject "Geodesic Dome Designer" */ = {
			isa = XCConfigurationList;
			buildConfigurations = (
				0C1471FA2D4BD03A0046510D /* Debug */,
				0C1471FB2D4BD03A0046510D /* Release */,
			);
			defaultConfigurationIsVisible = 0;
			defaultConfigurationName = Release;
		};
		0C1471FC2D4BD03A0046510D /* Build configuration list for PBXNativeTarget "Geodesic Dome Designer" */ = {
			isa = XCConfigurationList;
			buildConfigurations = (
				0C1471FD2D4BD03A0046510D /* Debug */,
				0C1471FE2D4BD03A0046510D /* Release */,
			);
			defaultConfigurationIsVisible = 0;
			defaultConfigurationName = Release;
		};
		0C1471FF2D4BD03A0046510D /* Build configuration list for PBXNativeTarget "Geodesic Dome DesignerTests" */ = {
			isa = XCConfigurationList;
			buildConfigurations = (
				0C1472002D4BD03A0046510D /* Debug */,
				0C1472012D4BD03A0046510D /* Release */,
			);
			defaultConfigurationIsVisible = 0;
			defaultConfigurationName = Release;
		};
		0C1472022D4BD03A0046510D /* Build configuration list for PBXNativeTarget "Geodesic Dome DesignerUITests" */ = {
			isa = XCConfigurationList;
			buildConfigurations = (
				0C1472032D4BD03A0046510D /* Debug */,
				0C1472042D4BD03A0046510D /* Release */,
			);
			defaultConfigurationIsVisible = 0;
			defaultConfigurationName = Release;
		};
/* End XCConfigurationList section */
	};
	rootObject = 0C1471CF2D4BD0390046510D /* Project object */;
}
